// !$*UTF8*$!
{
	archiveVersion = 1;
	classes = {
	};
	objectVersion = 46;
	objects = {

/* Begin PBXBuildFile section */
		D45EB9F61B0404F4002731CD /* Foundation.framework in Frameworks */ = {isa = PBXBuildFile; fileRef = D45EB9F51B0404F4002731CD /* Foundation.framework */; };
		D45EB9F81B0404F4002731CD /* CoreGraphics.framework in Frameworks */ = {isa = PBXBuildFile; fileRef = D45EB9F71B0404F4002731CD /* CoreGraphics.framework */; };
		D45EB9FA1B0404F4002731CD /* UIKit.framework in Frameworks */ = {isa = PBXBuildFile; fileRef = D45EB9F91B0404F4002731CD /* UIKit.framework */; };
		D45EBA001B0404F4002731CD /* InfoPlist.strings in Resources */ = {isa = PBXBuildFile; fileRef = D45EB9FE1B0404F4002731CD /* InfoPlist.strings */; };
		D45EBA021B0404F4002731CD /* main.m in Sources */ = {isa = PBXBuildFile; fileRef = D45EBA011B0404F4002731CD /* main.m */; };
		D45EBA061B0404F4002731CD /* PREAppDelegate.m in Sources */ = {isa = PBXBuildFile; fileRef = D45EBA051B0404F4002731CD /* PREAppDelegate.m */; };
		D45EBA091B0404F4002731CD /* Main.storyboard in Resources */ = {isa = PBXBuildFile; fileRef = D45EBA071B0404F4002731CD /* Main.storyboard */; };
		D45EBA0C1B0404F4002731CD /* PREViewController.m in Sources */ = {isa = PBXBuildFile; fileRef = D45EBA0B1B0404F4002731CD /* PREViewController.m */; };
		D45EBA0E1B0404F4002731CD /* Images.xcassets in Resources */ = {isa = PBXBuildFile; fileRef = D45EBA0D1B0404F4002731CD /* Images.xcassets */; };
		D45EBA151B0404F5002731CD /* XCTest.framework in Frameworks */ = {isa = PBXBuildFile; fileRef = D45EBA141B0404F5002731CD /* XCTest.framework */; };
		D45EBA161B0404F5002731CD /* Foundation.framework in Frameworks */ = {isa = PBXBuildFile; fileRef = D45EB9F51B0404F4002731CD /* Foundation.framework */; };
		D45EBA171B0404F5002731CD /* UIKit.framework in Frameworks */ = {isa = PBXBuildFile; fileRef = D45EB9F91B0404F4002731CD /* UIKit.framework */; };
		D45EBA1F1B0404F5002731CD /* InfoPlist.strings in Resources */ = {isa = PBXBuildFile; fileRef = D45EBA1D1B0404F5002731CD /* InfoPlist.strings */; };
		D45EBA211B0404F5002731CD /* assign4Tests.m in Sources */ = {isa = PBXBuildFile; fileRef = D45EBA201B0404F5002731CD /* assign4Tests.m */; };
/* End PBXBuildFile section */

/* Begin PBXContainerItemProxy section */
		D45EBA181B0404F5002731CD /* PBXContainerItemProxy */ = {
			isa = PBXContainerItemProxy;
			containerPortal = D45EB9EA1B0404F4002731CD /* Project object */;
			proxyType = 1;
			remoteGlobalIDString = D45EB9F11B0404F4002731CD;
			remoteInfo = assign4;
		};
/* End PBXContainerItemProxy section */

/* Begin PBXFileReference section */
		D45EB9F21B0404F4002731CD /* Homework4.app */ = {isa = PBXFileReference; explicitFileType = wrapper.application; includeInIndex = 0; path = Homework4.app; sourceTree = BUILT_PRODUCTS_DIR; };
		D45EB9F51B0404F4002731CD /* Foundation.framework */ = {isa = PBXFileReference; lastKnownFileType = wrapper.framework; name = Foundation.framework; path = System/Library/Frameworks/Foundation.framework; sourceTree = SDKROOT; };
		D45EB9F71B0404F4002731CD /* CoreGraphics.framework */ = {isa = PBXFileReference; lastKnownFileType = wrapper.framework; name = CoreGraphics.framework; path = System/Library/Frameworks/CoreGraphics.framework; sourceTree = SDKROOT; };
		D45EB9F91B0404F4002731CD /* UIKit.framework */ = {isa = PBXFileReference; lastKnownFileType = wrapper.framework; name = UIKit.framework; path = System/Library/Frameworks/UIKit.framework; sourceTree = SDKROOT; };
		D45EB9FD1B0404F4002731CD /* assign4-Info.plist */ = {isa = PBXFileReference; lastKnownFileType = text.plist.xml; path = "assign4-Info.plist"; sourceTree = "<group>"; };
		D45EB9FF1B0404F4002731CD /* en */ = {isa = PBXFileReference; lastKnownFileType = text.plist.strings; name = en; path = en.lproj/InfoPlist.strings; sourceTree = "<group>"; };
		D45EBA011B0404F4002731CD /* main.m */ = {isa = PBXFileReference; lastKnownFileType = sourcecode.c.objc; path = main.m; sourceTree = "<group>"; };
		D45EBA031B0404F4002731CD /* Homework4-Prefix.pch */ = {isa = PBXFileReference; lastKnownFileType = sourcecode.c.h; path = "Homework4-Prefix.pch"; sourceTree = "<group>"; };
		D45EBA041B0404F4002731CD /* PREAppDelegate.h */ = {isa = PBXFileReference; lastKnownFileType = sourcecode.c.h; path = PREAppDelegate.h; sourceTree = "<group>"; };
		D45EBA051B0404F4002731CD /* PREAppDelegate.m */ = {isa = PBXFileReference; lastKnownFileType = sourcecode.c.objc; path = PREAppDelegate.m; sourceTree = "<group>"; };
		D45EBA081B0404F4002731CD /* Base */ = {isa = PBXFileReference; lastKnownFileType = file.storyboard; name = Base; path = Base.lproj/Main.storyboard; sourceTree = "<group>"; };
		D45EBA0A1B0404F4002731CD /* PREViewController.h */ = {isa = PBXFileReference; lastKnownFileType = sourcecode.c.h; path = PREViewController.h; sourceTree = "<group>"; };
		D45EBA0B1B0404F4002731CD /* PREViewController.m */ = {isa = PBXFileReference; lastKnownFileType = sourcecode.c.objc; path = PREViewController.m; sourceTree = "<group>"; };
		D45EBA0D1B0404F4002731CD /* Images.xcassets */ = {isa = PBXFileReference; lastKnownFileType = folder.assetcatalog; path = Images.xcassets; sourceTree = "<group>"; };
		D45EBA131B0404F5002731CD /* Homework4Tests.xctest */ = {isa = PBXFileReference; explicitFileType = wrapper.cfbundle; includeInIndex = 0; path = Homework4Tests.xctest; sourceTree = BUILT_PRODUCTS_DIR; };
		D45EBA141B0404F5002731CD /* XCTest.framework */ = {isa = PBXFileReference; lastKnownFileType = wrapper.framework; name = XCTest.framework; path = Library/Frameworks/XCTest.framework; sourceTree = DEVELOPER_DIR; };
		D45EBA1C1B0404F5002731CD /* Homework4Tests-Info.plist */ = {isa = PBXFileReference; lastKnownFileType = text.plist.xml; path = "Homework4Tests-Info.plist"; sourceTree = "<group>"; };
		D45EBA1E1B0404F5002731CD /* en */ = {isa = PBXFileReference; lastKnownFileType = text.plist.strings; name = en; path = en.lproj/InfoPlist.strings; sourceTree = "<group>"; };
		D45EBA201B0404F5002731CD /* assign4Tests.m */ = {isa = PBXFileReference; lastKnownFileType = sourcecode.c.objc; path = assign4Tests.m; sourceTree = "<group>"; };
/* End PBXFileReference section */

/* Begin PBXFrameworksBuildPhase section */
		D45EB9EF1B0404F4002731CD /* Frameworks */ = {
			isa = PBXFrameworksBuildPhase;
			buildActionMask = 2147483647;
			files = (
				D45EB9F81B0404F4002731CD /* CoreGraphics.framework in Frameworks */,
				D45EB9FA1B0404F4002731CD /* UIKit.framework in Frameworks */,
				D45EB9F61B0404F4002731CD /* Foundation.framework in Frameworks */,
			);
			runOnlyForDeploymentPostprocessing = 0;
		};
		D45EBA101B0404F5002731CD /* Frameworks */ = {
			isa = PBXFrameworksBuildPhase;
			buildActionMask = 2147483647;
			files = (
				D45EBA151B0404F5002731CD /* XCTest.framework in Frameworks */,
				D45EBA171B0404F5002731CD /* UIKit.framework in Frameworks */,
				D45EBA161B0404F5002731CD /* Foundation.framework in Frameworks */,
			);
			runOnlyForDeploymentPostprocessing = 0;
		};
/* End PBXFrameworksBuildPhase section */

/* Begin PBXGroup section */
		D45EB9E91B0404F4002731CD = {
			isa = PBXGroup;
			children = (
				D45EB9FB1B0404F4002731CD /* assign4 */,
				D45EBA1A1B0404F5002731CD /* assign4Tests */,
				D45EB9F41B0404F4002731CD /* Frameworks */,
				D45EB9F31B0404F4002731CD /* Products */,
			);
			sourceTree = "<group>";
		};
		D45EB9F31B0404F4002731CD /* Products */ = {
			isa = PBXGroup;
			children = (
				D45EB9F21B0404F4002731CD /* Homework4.app */,
				D45EBA131B0404F5002731CD /* Homework4Tests.xctest */,
			);
			name = Products;
			sourceTree = "<group>";
		};
		D45EB9F41B0404F4002731CD /* Frameworks */ = {
			isa = PBXGroup;
			children = (
				D45EB9F51B0404F4002731CD /* Foundation.framework */,
				D45EB9F71B0404F4002731CD /* CoreGraphics.framework */,
				D45EB9F91B0404F4002731CD /* UIKit.framework */,
				D45EBA141B0404F5002731CD /* XCTest.framework */,
			);
			name = Frameworks;
			sourceTree = "<group>";
		};
		D45EB9FB1B0404F4002731CD /* assign4 */ = {
			isa = PBXGroup;
			children = (
				D45EBA041B0404F4002731CD /* PREAppDelegate.h */,
				D45EBA051B0404F4002731CD /* PREAppDelegate.m */,
				D45EBA071B0404F4002731CD /* Main.storyboard */,
				D45EBA0A1B0404F4002731CD /* PREViewController.h */,
				D45EBA0B1B0404F4002731CD /* PREViewController.m */,
				D45EBA0D1B0404F4002731CD /* Images.xcassets */,
				D45EB9FC1B0404F4002731CD /* Supporting Files */,
			);
			path = assign4;
			sourceTree = "<group>";
		};
		D45EB9FC1B0404F4002731CD /* Supporting Files */ = {
			isa = PBXGroup;
			children = (
				D45EB9FD1B0404F4002731CD /* assign4-Info.plist */,
				D45EB9FE1B0404F4002731CD /* InfoPlist.strings */,
				D45EBA011B0404F4002731CD /* main.m */,
				D45EBA031B0404F4002731CD /* Homework4-Prefix.pch */,
			);
			name = "Supporting Files";
			sourceTree = "<group>";
		};
		D45EBA1A1B0404F5002731CD /* assign4Tests */ = {
			isa = PBXGroup;
			children = (
				D45EBA201B0404F5002731CD /* assign4Tests.m */,
				D45EBA1B1B0404F5002731CD /* Supporting Files */,
			);
			path = assign4Tests;
			sourceTree = "<group>";
		};
		D45EBA1B1B0404F5002731CD /* Supporting Files */ = {
			isa = PBXGroup;
			children = (
				D45EBA1C1B0404F5002731CD /* Homework4Tests-Info.plist */,
				D45EBA1D1B0404F5002731CD /* InfoPlist.strings */,
			);
			name = "Supporting Files";
			sourceTree = "<group>";
		};
/* End PBXGroup section */

/* Begin PBXNativeTarget section */
		D45EB9F11B0404F4002731CD /* Homework4 */ = {
			isa = PBXNativeTarget;
			buildConfigurationList = D45EBA241B0404F5002731CD /* Build configuration list for PBXNativeTarget "Homework4" */;
			buildPhases = (
				D45EB9EE1B0404F4002731CD /* Sources */,
				D45EB9EF1B0404F4002731CD /* Frameworks */,
				D45EB9F01B0404F4002731CD /* Resources */,
			);
			buildRules = (
			);
			dependencies = (
			);
			name = Homework4;
			productName = assign4;
			productReference = D45EB9F21B0404F4002731CD /* Homework4.app */;
			productType = "com.apple.product-type.application";
		};
		D45EBA121B0404F5002731CD /* Homework4Tests */ = {
			isa = PBXNativeTarget;
			buildConfigurationList = D45EBA271B0404F5002731CD /* Build configuration list for PBXNativeTarget "Homework4Tests" */;
			buildPhases = (
				D45EBA0F1B0404F5002731CD /* Sources */,
				D45EBA101B0404F5002731CD /* Frameworks */,
				D45EBA111B0404F5002731CD /* Resources */,
			);
			buildRules = (
			);
			dependencies = (
				D45EBA191B0404F5002731CD /* PBXTargetDependency */,
			);
			name = Homework4Tests;
			productName = assign4Tests;
			productReference = D45EBA131B0404F5002731CD /* Homework4Tests.xctest */;
			productType = "com.apple.product-type.bundle.unit-test";
		};
/* End PBXNativeTarget section */

/* Begin PBXProject section */
		D45EB9EA1B0404F4002731CD /* Project object */ = {
			isa = PBXProject;
			attributes = {
				CLASSPREFIX = PRE;
				LastUpgradeCheck = 0510;
				ORGANIZATIONNAME = LiptakLask;
				TargetAttributes = {
					D45EBA121B0404F5002731CD = {
						TestTargetID = D45EB9F11B0404F4002731CD;
					};
				};
			};
			buildConfigurationList = D45EB9ED1B0404F4002731CD /* Build configuration list for PBXProject "assign4" */;
			compatibilityVersion = "Xcode 3.2";
			developmentRegion = English;
			hasScannedForEncodings = 0;
			knownRegions = (
				en,
				Base,
			);
			mainGroup = D45EB9E91B0404F4002731CD;
			productRefGroup = D45EB9F31B0404F4002731CD /* Products */;
			projectDirPath = "";
			projectRoot = "";
			targets = (
				D45EB9F11B0404F4002731CD /* Homework4 */,
				D45EBA121B0404F5002731CD /* Homework4Tests */,
			);
		};
/* End PBXProject section */

/* Begin PBXResourcesBuildPhase section */
		D45EB9F01B0404F4002731CD /* Resources */ = {
			isa = PBXResourcesBuildPhase;
			buildActionMask = 2147483647;
			files = (
				D45EBA0E1B0404F4002731CD /* Images.xcassets in Resources */,
				D45EBA001B0404F4002731CD /* InfoPlist.strings in Resources */,
				D45EBA091B0404F4002731CD /* Main.storyboard in Resources */,
			);
			runOnlyForDeploymentPostprocessing = 0;
		};
		D45EBA111B0404F5002731CD /* Resources */ = {
			isa = PBXResourcesBuildPhase;
			buildActionMask = 2147483647;
			files = (
				D45EBA1F1B0404F5002731CD /* InfoPlist.strings in Resources */,
			);
			runOnlyForDeploymentPostprocessing = 0;
		};
/* End PBXResourcesBuildPhase section */

/* Begin PBXSourcesBuildPhase section */
		D45EB9EE1B0404F4002731CD /* Sources */ = {
			isa = PBXSourcesBuildPhase;
			buildActionMask = 2147483647;
			files = (
				D45EBA061B0404F4002731CD /* PREAppDelegate.m in Sources */,
				D45EBA0C1B0404F4002731CD /* PREViewController.m in Sources */,
				D45EBA021B0404F4002731CD /* main.m in Sources */,
			);
			runOnlyForDeploymentPostprocessing = 0;
		};
		D45EBA0F1B0404F5002731CD /* Sources */ = {
			isa = PBXSourcesBuildPhase;
			buildActionMask = 2147483647;
			files = (
				D45EBA211B0404F5002731CD /* assign4Tests.m in Sources */,
			);
			runOnlyForDeploymentPostprocessing = 0;
		};
/* End PBXSourcesBuildPhase section */

/* Begin PBXTargetDependency section */
		D45EBA191B0404F5002731CD /* PBXTargetDependency */ = {
			isa = PBXTargetDependency;
			target = D45EB9F11B0404F4002731CD /* Homework4 */;
			targetProxy = D45EBA181B0404F5002731CD /* PBXContainerItemProxy */;
		};
/* End PBXTargetDependency section */

/* Begin PBXVariantGroup section */
		D45EB9FE1B0404F4002731CD /* InfoPlist.strings */ = {
			isa = PBXVariantGroup;
			children = (
				D45EB9FF1B0404F4002731CD /* en */,
			);
			name = InfoPlist.strings;
			sourceTree = "<group>";
		};
		D45EBA071B0404F4002731CD /* Main.storyboard */ = {
			isa = PBXVariantGroup;
			children = (
				D45EBA081B0404F4002731CD /* Base */,
			);
			name = Main.storyboard;
			sourceTree = "<group>";
		};
		D45EBA1D1B0404F5002731CD /* InfoPlist.strings */ = {
			isa = PBXVariantGroup;
			children = (
				D45EBA1E1B0404F5002731CD /* en */,
			);
			name = InfoPlist.strings;
			sourceTree = "<group>";
		};
/* End PBXVariantGroup section */

/* Begin XCBuildConfiguration section */
		D45EBA221B0404F5002731CD /* Debug */ = {
			isa = XCBuildConfiguration;
			buildSettings = {
				ALWAYS_SEARCH_USER_PATHS = NO;
				CLANG_CXX_LANGUAGE_STANDARD = "gnu++0x";
				CLANG_CXX_LIBRARY = "libc++";
				CLANG_ENABLE_MODULES = YES;
				CLANG_ENABLE_OBJC_ARC = YES;
				CLANG_WARN_BOOL_CONVERSION = YES;
				CLANG_WARN_CONSTANT_CONVERSION = YES;
				CLANG_WARN_DIRECT_OBJC_ISA_USAGE = YES_ERROR;
				CLANG_WARN_EMPTY_BODY = YES;
				CLANG_WARN_ENUM_CONVERSION = YES;
				CLANG_WARN_INT_CONVERSION = YES;
				CLANG_WARN_OBJC_ROOT_CLASS = YES_ERROR;
				CLANG_WARN__DUPLICATE_METHOD_MATCH = YES;
				"CODE_SIGN_IDENTITY[sdk=iphoneos*]" = "iPhone Developer";
				COPY_PHASE_STRIP = NO;
				GCC_C_LANGUAGE_STANDARD = gnu99;
				GCC_DYNAMIC_NO_PIC = NO;
				GCC_OPTIMIZATION_LEVEL = 0;
				GCC_PREPROCESSOR_DEFINITIONS = (
					"DEBUG=1",
					"$(inherited)",
				);
				GCC_SYMBOLS_PRIVATE_EXTERN = NO;
				GCC_WARN_64_TO_32_BIT_CONVERSION = YES;
				GCC_WARN_ABOUT_RETURN_TYPE = YES_ERROR;
				GCC_WARN_UNDECLARED_SELECTOR = YES;
				GCC_WARN_UNINITIALIZED_AUTOS = YES_AGGRESSIVE;
				GCC_WARN_UNUSED_FUNCTION = YES;
				GCC_WARN_UNUSED_VARIABLE = YES;
				IPHONEOS_DEPLOYMENT_TARGET = 7.1;
				ONLY_ACTIVE_ARCH = YES;
				SDKROOT = iphoneos;
			};
			name = Debug;
		};
		D45EBA231B0404F5002731CD /* Release */ = {
			isa = XCBuildConfiguration;
			buildSettings = {
				ALWAYS_SEARCH_USER_PATHS = NO;
				CLANG_CXX_LANGUAGE_STANDARD = "gnu++0x";
				CLANG_CXX_LIBRARY = "libc++";
				CLANG_ENABLE_MODULES = YES;
				CLANG_ENABLE_OBJC_ARC = YES;
				CLANG_WARN_BOOL_CONVERSION = YES;
				CLANG_WARN_CONSTANT_CONVERSION = YES;
				CLANG_WARN_DIRECT_OBJC_ISA_USAGE = YES_ERROR;
				CLANG_WARN_EMPTY_BODY = YES;
				CLANG_WARN_ENUM_CONVERSION = YES;
				CLANG_WARN_INT_CONVERSION = YES;
				CLANG_WARN_OBJC_ROOT_CLASS = YES_ERROR;
				CLANG_WARN__DUPLICATE_METHOD_MATCH = YES;
				"CODE_SIGN_IDENTITY[sdk=iphoneos*]" = "iPhone Developer";
				COPY_PHASE_STRIP = YES;
				ENABLE_NS_ASSERTIONS = NO;
				GCC_C_LANGUAGE_STANDARD = gnu99;
				GCC_WARN_64_TO_32_BIT_CONVERSION = YES;
				GCC_WARN_ABOUT_RETURN_TYPE = YES_ERROR;
				GCC_WARN_UNDECLARED_SELECTOR = YES;
				GCC_WARN_UNINITIALIZED_AUTOS = YES_AGGRESSIVE;
				GCC_WARN_UNUSED_FUNCTION = YES;
				GCC_WARN_UNUSED_VARIABLE = YES;
				IPHONEOS_DEPLOYMENT_TARGET = 7.1;
				SDKROOT = iphoneos;
				VALIDATE_PRODUCT = YES;
			};
			name = Release;
		};
		D45EBA251B0404F5002731CD /* Debug */ = {
			isa = XCBuildConfiguration;
			buildSettings = {
				ASSETCATALOG_COMPILER_APPICON_NAME = AppIcon;
				ASSETCATALOG_COMPILER_LAUNCHIMAGE_NAME = LaunchImage;
				GCC_PRECOMPILE_PREFIX_HEADER = YES;
				GCC_PREFIX_HEADER = "assign4/Homework4-Prefix.pch";
				INFOPLIST_FILE = "assign4/assign4-Info.plist";
				IPHONEOS_DEPLOYMENT_TARGET = 6.1;
				PRODUCT_NAME = Homework4;
				WRAPPER_EXTENSION = app;
			};
			name = Debug;
		};
		D45EBA261B0404F5002731CD /* Release */ = {
			isa = XCBuildConfiguration;
			buildSettings = {
				ASSETCATALOG_COMPILER_APPICON_NAME = AppIcon;
				ASSETCATALOG_COMPILER_LAUNCHIMAGE_NAME = LaunchImage;
				GCC_PRECOMPILE_PREFIX_HEADER = YES;
				GCC_PREFIX_HEADER = "assign4/Homework4-Prefix.pch";
				INFOPLIST_FILE = "assign4/assign4-Info.plist";
				IPHONEOS_DEPLOYMENT_TARGET = 6.1;
				PRODUCT_NAME = Homework4;
				WRAPPER_EXTENSION = app;
			};
			name = Release;
		};
		D45EBA281B0404F5002731CD /* Debug */ = {
			isa = XCBuildConfiguration;
			buildSettings = {
				BUNDLE_LOADER = "$(BUILT_PRODUCTS_DIR)/assign4.app/assign4";
				FRAMEWORK_SEARCH_PATHS = (
					"$(SDKROOT)/Developer/Library/Frameworks",
					"$(inherited)",
					"$(DEVELOPER_FRAMEWORKS_DIR)",
				);
				GCC_PRECOMPILE_PREFIX_HEADER = YES;
				GCC_PREFIX_HEADER = "assign4/assign4-Prefix.pch";
				GCC_PREPROCESSOR_DEFINITIONS = (
					"DEBUG=1",
					"$(inherited)",
				);
				INFOPLIST_FILE = "assign4Tests/Homework4Tests-Info.plist";
				PRODUCT_NAME = Homework4Tests;
				TEST_HOST = "$(BUNDLE_LOADER)";
				WRAPPER_EXTENSION = xctest;
			};
			name = Debug;
		};
		D45EBA291B0404F5002731CD /* Release */ = {
			isa = XCBuildConfiguration;
			buildSettings = {
				BUNDLE_LOADER = "$(BUILT_PRODUCTS_DIR)/assign4.app/assign4";
				FRAMEWORK_SEARCH_PATHS = (
					"$(SDKROOT)/Developer/Library/Frameworks",
					"$(inherited)",
					"$(DEVELOPER_FRAMEWORKS_DIR)",
				);
				GCC_PRECOMPILE_PREFIX_HEADER = YES;
				GCC_PREFIX_HEADER = "assign4/assign4-Prefix.pch";
				INFOPLIST_FILE = "assign4Tests/Homework4Tests-Info.plist";
				PRODUCT_NAME = Homework4Tests;
				TEST_HOST = "$(BUNDLE_LOADER)";
				WRAPPER_EXTENSION = xctest;
			};
			name = Release;
		};
/* End XCBuildConfiguration section */

/* Begin XCConfigurationList section */
		D45EB9ED1B0404F4002731CD /* Build configuration list for PBXProject "assign4" */ = {
			isa = XCConfigurationList;
			buildConfigurations = (
				D45EBA221B0404F5002731CD /* Debug */,
				D45EBA231B0404F5002731CD /* Release */,
			);
			defaultConfigurationIsVisible = 0;
			defaultConfigurationName = Release;
		};
		D45EBA241B0404F5002731CD /* Build configuration list for PBXNativeTarget "Homework4" */ = {
			isa = XCConfigurationList;
			buildConfigurations = (
				D45EBA251B0404F5002731CD /* Debug */,
				D45EBA261B0404F5002731CD /* Release */,
			);
			defaultConfigurationIsVisible = 0;
			defaultConfigurationName = Release;
		};
		D45EBA271B0404F5002731CD /* Build configuration list for PBXNativeTarget "Homework4Tests" */ = {
			isa = XCConfigurationList;
			buildConfigurations = (
				D45EBA281B0404F5002731CD /* Debug */,
				D45EBA291B0404F5002731CD /* Release */,
			);
			defaultConfigurationIsVisible = 0;
			defaultConfigurationName = Release;
		};
/* End XCConfigurationList section */
	};
	rootObject = D45EB9EA1B0404F4002731CD /* Project object */;
}
